
Microsoft Visual Studio Solution File, Format Version 12.00
Project("{FAE04EC0-301F-11D3-BF4B-00C04F79EFBC}") = "Application", "Application\Application.csproj", "{8C049E97-467B-4BB6-A32B-05C4FF6B56FC}"
EndProject
Global
	GlobalSection(SolutionConfigurationPlatforms) = preSolution
		Debug|Any CPU = Debug|Any CPU
		Release|Any CPU = Release|Any CPU
	EndGlobalSection
	GlobalSection(ProjectConfigurationPlatforms) = postSolution
		{8C049E97-467B-4BB6-A32B-05C4FF6B56FC}.Debug|Any CPU.ActiveCfg = Debug|Any CPU
		{8C049E97-467B-4BB6-A32B-05C4FF6B56FC}.Debug|Any CPU.Build.0 = Debug|Any CPU
		{8C049E97-467B-4BB6-A32B-05C4FF6B56FC}.Release|Any CPU.ActiveCfg = Release|Any CPU
		{8C049E97-467B-4BB6-A32B-05C4FF6B56FC}.Release|Any CPU.Build.0 = Release|Any CPU
	EndGlobalSection
EndGlobal
